// !$*UTF8*$!
{
	archiveVersion = 1;
	classes = {
	};
	objectVersion = 50;
	objects = {

/* Begin PBXBuildFile section */
		354FEB94EB1284896DF2B7E1 /* libPods-Memeful.a in Frameworks */ = {isa = PBXBuildFile; fileRef = DE00B6B6C2E66B22EA6CFE31 /* libPods-Memeful.a */; };
		9B21F49D23A541F9001F4A15 /* AppDelegate.swift in Sources */ = {isa = PBXBuildFile; fileRef = 9B21F49C23A541F9001F4A15 /* AppDelegate.swift */; };
		9B21F49F23A541F9001F4A15 /* LoginViewController.swift in Sources */ = {isa = PBXBuildFile; fileRef = 9B21F49E23A541F9001F4A15 /* LoginViewController.swift */; };
		9B21F4A223A541F9001F4A15 /* Main.storyboard in Resources */ = {isa = PBXBuildFile; fileRef = 9B21F4A023A541F9001F4A15 /* Main.storyboard */; };
		9B21F4A523A541F9001F4A15 /* Memeful.xcdatamodeld in Sources */ = {isa = PBXBuildFile; fileRef = 9B21F4A323A541F9001F4A15 /* Memeful.xcdatamodeld */; };
		9B21F4A723A541FB001F4A15 /* Assets.xcassets in Resources */ = {isa = PBXBuildFile; fileRef = 9B21F4A623A541FB001F4A15 /* Assets.xcassets */; };
		9B21F4AA23A541FB001F4A15 /* LaunchScreen.storyboard in Resources */ = {isa = PBXBuildFile; fileRef = 9B21F4A823A541FB001F4A15 /* LaunchScreen.storyboard */; };
		9B21F4B523A541FB001F4A15 /* MemefulTests.swift in Sources */ = {isa = PBXBuildFile; fileRef = 9B21F4B423A541FB001F4A15 /* MemefulTests.swift */; };
		9B21F4C023A541FB001F4A15 /* MemefulUITests.swift in Sources */ = {isa = PBXBuildFile; fileRef = 9B21F4BF23A541FB001F4A15 /* MemefulUITests.swift */; };
		9B37E76023A66A9B008C588D /* TokenProvider.swift in Sources */ = {isa = PBXBuildFile; fileRef = 9B37E75F23A66A9B008C588D /* TokenProvider.swift */; };
		9B37E76723A69330008C588D /* NetworkService.swift in Sources */ = {isa = PBXBuildFile; fileRef = 9B37E76523A69330008C588D /* NetworkService.swift */; };
		9B37E76823A69330008C588D /* NetworkRouter.swift in Sources */ = {isa = PBXBuildFile; fileRef = 9B37E76623A69330008C588D /* NetworkRouter.swift */; };
		9B37E76A23A69604008C588D /* NetworkContentTypes.swift in Sources */ = {isa = PBXBuildFile; fileRef = 9B37E76923A69604008C588D /* NetworkContentTypes.swift */; };
		9B37E76E23A69D4B008C588D /* MostViral.swift in Sources */ = {isa = PBXBuildFile; fileRef = 9B37E76D23A69D4B008C588D /* MostViral.swift */; };
		9B8546A223A6B1AB0093093C /* MemeListViewController.swift in Sources */ = {isa = PBXBuildFile; fileRef = 9B8546A123A6B1AB0093093C /* MemeListViewController.swift */; };
		9B8546A423A6B50B0093093C /* MemeCollectionViewCell.swift in Sources */ = {isa = PBXBuildFile; fileRef = 9B8546A323A6B50B0093093C /* MemeCollectionViewCell.swift */; };
		9BAC8FE823A6CF9700C64A27 /* CustomerCollectionViewLayout.swift in Sources */ = {isa = PBXBuildFile; fileRef = 9BAC8FE723A6CF9700C64A27 /* CustomerCollectionViewLayout.swift */; };
		9BAC8FEA23A6D75E00C64A27 /* WebKit.framework in Frameworks */ = {isa = PBXBuildFile; fileRef = 9BAC8FE923A6D75E00C64A27 /* WebKit.framework */; };
/* End PBXBuildFile section */

/* Begin PBXContainerItemProxy section */
		9B21F4B123A541FB001F4A15 /* PBXContainerItemProxy */ = {
			isa = PBXContainerItemProxy;
			containerPortal = 9B21F49123A541F8001F4A15 /* Project object */;
			proxyType = 1;
			remoteGlobalIDString = 9B21F49823A541F9001F4A15;
			remoteInfo = Memeful;
		};
		9B21F4BC23A541FB001F4A15 /* PBXContainerItemProxy */ = {
			isa = PBXContainerItemProxy;
			containerPortal = 9B21F49123A541F8001F4A15 /* Project object */;
			proxyType = 1;
			remoteGlobalIDString = 9B21F49823A541F9001F4A15;
			remoteInfo = Memeful;
		};
/* End PBXContainerItemProxy section */

/* Begin PBXFileReference section */
		293AF059FEB2DA7CF5D48278 /* Pods-Memeful.debug.xcconfig */ = {isa = PBXFileReference; includeInIndex = 1; lastKnownFileType = text.xcconfig; name = "Pods-Memeful.debug.xcconfig"; path = "Target Support Files/Pods-Memeful/Pods-Memeful.debug.xcconfig"; sourceTree = "<group>"; };
		6E78C96B5C33A12AC21E6460 /* Pods-Memeful.release.xcconfig */ = {isa = PBXFileReference; includeInIndex = 1; lastKnownFileType = text.xcconfig; name = "Pods-Memeful.release.xcconfig"; path = "Target Support Files/Pods-Memeful/Pods-Memeful.release.xcconfig"; sourceTree = "<group>"; };
		9B21F49923A541F9001F4A15 /* Memeful.app */ = {isa = PBXFileReference; explicitFileType = wrapper.application; includeInIndex = 0; path = Memeful.app; sourceTree = BUILT_PRODUCTS_DIR; };
		9B21F49C23A541F9001F4A15 /* AppDelegate.swift */ = {isa = PBXFileReference; lastKnownFileType = sourcecode.swift; path = AppDelegate.swift; sourceTree = "<group>"; };
		9B21F49E23A541F9001F4A15 /* LoginViewController.swift */ = {isa = PBXFileReference; lastKnownFileType = sourcecode.swift; path = LoginViewController.swift; sourceTree = "<group>"; };
		9B21F4A123A541F9001F4A15 /* Base */ = {isa = PBXFileReference; lastKnownFileType = file.storyboard; name = Base; path = Base.lproj/Main.storyboard; sourceTree = "<group>"; };
		9B21F4A423A541F9001F4A15 /* Memeful.xcdatamodel */ = {isa = PBXFileReference; lastKnownFileType = wrapper.xcdatamodel; path = Memeful.xcdatamodel; sourceTree = "<group>"; };
		9B21F4A623A541FB001F4A15 /* Assets.xcassets */ = {isa = PBXFileReference; lastKnownFileType = folder.assetcatalog; path = Assets.xcassets; sourceTree = "<group>"; };
		9B21F4A923A541FB001F4A15 /* Base */ = {isa = PBXFileReference; lastKnownFileType = file.storyboard; name = Base; path = Base.lproj/LaunchScreen.storyboard; sourceTree = "<group>"; };
		9B21F4AB23A541FB001F4A15 /* Info.plist */ = {isa = PBXFileReference; lastKnownFileType = text.plist.xml; path = Info.plist; sourceTree = "<group>"; };
		9B21F4B023A541FB001F4A15 /* MemefulTests.xctest */ = {isa = PBXFileReference; explicitFileType = wrapper.cfbundle; includeInIndex = 0; path = MemefulTests.xctest; sourceTree = BUILT_PRODUCTS_DIR; };
		9B21F4B423A541FB001F4A15 /* MemefulTests.swift */ = {isa = PBXFileReference; lastKnownFileType = sourcecode.swift; path = MemefulTests.swift; sourceTree = "<group>"; };
		9B21F4B623A541FB001F4A15 /* Info.plist */ = {isa = PBXFileReference; lastKnownFileType = text.plist.xml; path = Info.plist; sourceTree = "<group>"; };
		9B21F4BB23A541FB001F4A15 /* MemefulUITests.xctest */ = {isa = PBXFileReference; explicitFileType = wrapper.cfbundle; includeInIndex = 0; path = MemefulUITests.xctest; sourceTree = BUILT_PRODUCTS_DIR; };
		9B21F4BF23A541FB001F4A15 /* MemefulUITests.swift */ = {isa = PBXFileReference; lastKnownFileType = sourcecode.swift; path = MemefulUITests.swift; sourceTree = "<group>"; };
		9B21F4C123A541FB001F4A15 /* Info.plist */ = {isa = PBXFileReference; lastKnownFileType = text.plist.xml; path = Info.plist; sourceTree = "<group>"; };
		9B37E75A23A64D8D008C588D /* libAppAuth.a */ = {isa = PBXFileReference; explicitFileType = archive.ar; path = libAppAuth.a; sourceTree = BUILT_PRODUCTS_DIR; };
		9B37E75F23A66A9B008C588D /* TokenProvider.swift */ = {isa = PBXFileReference; lastKnownFileType = sourcecode.swift; name = TokenProvider.swift; path = ../TokenProvider.swift; sourceTree = "<group>"; };
		9B37E76523A69330008C588D /* NetworkService.swift */ = {isa = PBXFileReference; fileEncoding = 4; lastKnownFileType = sourcecode.swift; path = NetworkService.swift; sourceTree = "<group>"; };
		9B37E76623A69330008C588D /* NetworkRouter.swift */ = {isa = PBXFileReference; fileEncoding = 4; lastKnownFileType = sourcecode.swift; path = NetworkRouter.swift; sourceTree = "<group>"; };
		9B37E76923A69604008C588D /* NetworkContentTypes.swift */ = {isa = PBXFileReference; fileEncoding = 4; lastKnownFileType = sourcecode.swift; path = NetworkContentTypes.swift; sourceTree = "<group>"; };
		9B37E76D23A69D4B008C588D /* MostViral.swift */ = {isa = PBXFileReference; lastKnownFileType = sourcecode.swift; path = MostViral.swift; sourceTree = "<group>"; };
		9B8546A123A6B1AB0093093C /* MemeListViewController.swift */ = {isa = PBXFileReference; lastKnownFileType = sourcecode.swift; path = MemeListViewController.swift; sourceTree = "<group>"; };
		9B8546A323A6B50B0093093C /* MemeCollectionViewCell.swift */ = {isa = PBXFileReference; lastKnownFileType = sourcecode.swift; path = MemeCollectionViewCell.swift; sourceTree = "<group>"; };
		9B9CF5D523A6468F00889876 /* libAppAuth.a */ = {isa = PBXFileReference; explicitFileType = archive.ar; path = libAppAuth.a; sourceTree = BUILT_PRODUCTS_DIR; };
		9B9CF5D723A647C200889876 /* libAppAuth.a */ = {isa = PBXFileReference; explicitFileType = archive.ar; path = libAppAuth.a; sourceTree = BUILT_PRODUCTS_DIR; };
		9B9CF5D923A64A5F00889876 /* libAppAuth.a */ = {isa = PBXFileReference; explicitFileType = archive.ar; path = libAppAuth.a; sourceTree = BUILT_PRODUCTS_DIR; };
		9BAC8FE723A6CF9700C64A27 /* CustomerCollectionViewLayout.swift */ = {isa = PBXFileReference; lastKnownFileType = sourcecode.swift; path = CustomerCollectionViewLayout.swift; sourceTree = "<group>"; };
		9BAC8FE923A6D75E00C64A27 /* WebKit.framework */ = {isa = PBXFileReference; lastKnownFileType = wrapper.framework; name = WebKit.framework; path = System/Library/Frameworks/WebKit.framework; sourceTree = SDKROOT; };
		DE00B6B6C2E66B22EA6CFE31 /* libPods-Memeful.a */ = {isa = PBXFileReference; explicitFileType = archive.ar; includeInIndex = 0; path = "libPods-Memeful.a"; sourceTree = BUILT_PRODUCTS_DIR; };
/* End PBXFileReference section */

/* Begin PBXFrameworksBuildPhase section */
		9B21F49623A541F9001F4A15 /* Frameworks */ = {
			isa = PBXFrameworksBuildPhase;
			buildActionMask = 2147483647;
			files = (
				9BAC8FEA23A6D75E00C64A27 /* WebKit.framework in Frameworks */,
				354FEB94EB1284896DF2B7E1 /* libPods-Memeful.a in Frameworks */,
			);
			runOnlyForDeploymentPostprocessing = 0;
		};
		9B21F4AD23A541FB001F4A15 /* Frameworks */ = {
			isa = PBXFrameworksBuildPhase;
			buildActionMask = 2147483647;
			files = (
			);
			runOnlyForDeploymentPostprocessing = 0;
		};
		9B21F4B823A541FB001F4A15 /* Frameworks */ = {
			isa = PBXFrameworksBuildPhase;
			buildActionMask = 2147483647;
			files = (
			);
			runOnlyForDeploymentPostprocessing = 0;
		};
/* End PBXFrameworksBuildPhase section */

/* Begin PBXGroup section */
		21CF2327FA29ECDF0F55ADDE /* Frameworks */ = {
			isa = PBXGroup;
			children = (
				9BAC8FE923A6D75E00C64A27 /* WebKit.framework */,
				9B37E75A23A64D8D008C588D /* libAppAuth.a */,
				9B9CF5D923A64A5F00889876 /* libAppAuth.a */,
				9B9CF5D723A647C200889876 /* libAppAuth.a */,
				9B9CF5D523A6468F00889876 /* libAppAuth.a */,
				DE00B6B6C2E66B22EA6CFE31 /* libPods-Memeful.a */,
			);
			name = Frameworks;
			sourceTree = "<group>";
		};
		410F6832575B4025F8EB77A2 /* Pods */ = {
			isa = PBXGroup;
			children = (
				293AF059FEB2DA7CF5D48278 /* Pods-Memeful.debug.xcconfig */,
				6E78C96B5C33A12AC21E6460 /* Pods-Memeful.release.xcconfig */,
			);
			path = Pods;
			sourceTree = "<group>";
		};
		9B21F49023A541F8001F4A15 = {
			isa = PBXGroup;
			children = (
				9B21F49B23A541F9001F4A15 /* Memeful */,
				9B21F4B323A541FB001F4A15 /* MemefulTests */,
				9B21F4BE23A541FB001F4A15 /* MemefulUITests */,
				9B21F49A23A541F9001F4A15 /* Products */,
				410F6832575B4025F8EB77A2 /* Pods */,
				21CF2327FA29ECDF0F55ADDE /* Frameworks */,
			);
			sourceTree = "<group>";
		};
		9B21F49A23A541F9001F4A15 /* Products */ = {
			isa = PBXGroup;
			children = (
				9B21F49923A541F9001F4A15 /* Memeful.app */,
				9B21F4B023A541FB001F4A15 /* MemefulTests.xctest */,
				9B21F4BB23A541FB001F4A15 /* MemefulUITests.xctest */,
			);
			name = Products;
			sourceTree = "<group>";
		};
		9B21F49B23A541F9001F4A15 /* Memeful */ = {
			isa = PBXGroup;
			children = (
				9B37E76C23A69D3A008C588D /* Model */,
				9B8546A023A6AE7F0093093C /* Network Manager */,
				9BAA619623A80D7800025A6D /* Controller */,
				9BAA619523A80D1E00025A6D /* Core */,
				9B21F4A023A541F9001F4A15 /* Main.storyboard */,
				9B21F4A623A541FB001F4A15 /* Assets.xcassets */,
				9B21F4A823A541FB001F4A15 /* LaunchScreen.storyboard */,
				9B21F4AB23A541FB001F4A15 /* Info.plist */,
				9B21F4A323A541F9001F4A15 /* Memeful.xcdatamodeld */,
			);
			path = Memeful;
			sourceTree = "<group>";
		};
		9B21F4B323A541FB001F4A15 /* MemefulTests */ = {
			isa = PBXGroup;
			children = (
				9B21F4B423A541FB001F4A15 /* MemefulTests.swift */,
				9B21F4B623A541FB001F4A15 /* Info.plist */,
			);
			path = MemefulTests;
			sourceTree = "<group>";
		};
		9B21F4BE23A541FB001F4A15 /* MemefulUITests */ = {
			isa = PBXGroup;
			children = (
				9B21F4BF23A541FB001F4A15 /* MemefulUITests.swift */,
				9B21F4C123A541FB001F4A15 /* Info.plist */,
			);
			path = MemefulUITests;
			sourceTree = "<group>";
		};
		9B37E76C23A69D3A008C588D /* Model */ = {
			isa = PBXGroup;
			children = (
				9B37E76D23A69D4B008C588D /* MostViral.swift */,
			);
			path = Model;
			sourceTree = "<group>";
		};
		9B8546A023A6AE7F0093093C /* Network Manager */ = {
			isa = PBXGroup;
			children = (
				9B37E76923A69604008C588D /* NetworkContentTypes.swift */,
				9B37E76523A69330008C588D /* NetworkService.swift */,
				9B37E76623A69330008C588D /* NetworkRouter.swift */,
			);
			path = "Network Manager";
			sourceTree = "<group>";
		};
		9BAA619523A80D1E00025A6D /* Core */ = {
			isa = PBXGroup;
			children = (
				9B37E75F23A66A9B008C588D /* TokenProvider.swift */,
				9B21F49C23A541F9001F4A15 /* AppDelegate.swift */,
			);
			path = Core;
			sourceTree = "<group>";
		};
		9BAA619623A80D7800025A6D /* Controller */ = {
			isa = PBXGroup;
			children = (
				9BAA619823A80DB400025A6D /* Meme */,
				9BAA619723A80D9700025A6D /* Login */,
			);
			path = Controller;
			sourceTree = "<group>";
		};
		9BAA619723A80D9700025A6D /* Login */ = {
			isa = PBXGroup;
			children = (
				9B21F49E23A541F9001F4A15 /* LoginViewController.swift */,
			);
			path = Login;
			sourceTree = "<group>";
		};
		9BAA619823A80DB400025A6D /* Meme */ = {
			isa = PBXGroup;
			children = (
				9BAC8FE723A6CF9700C64A27 /* CustomerCollectionViewLayout.swift */,
				9B8546A123A6B1AB0093093C /* MemeListViewController.swift */,
				9B8546A323A6B50B0093093C /* MemeCollectionViewCell.swift */,
			);
			path = Meme;
			sourceTree = "<group>";
		};
/* End PBXGroup section */

/* Begin PBXNativeTarget section */
		9B21F49823A541F9001F4A15 /* Memeful */ = {
			isa = PBXNativeTarget;
			buildConfigurationList = 9B21F4C423A541FB001F4A15 /* Build configuration list for PBXNativeTarget "Memeful" */;
			buildPhases = (
				E73E46E55FEDD4671987EC4F /* [CP] Check Pods Manifest.lock */,
				9B21F49523A541F9001F4A15 /* Sources */,
				9B21F49623A541F9001F4A15 /* Frameworks */,
				9B21F49723A541F9001F4A15 /* Resources */,
			);
			buildRules = (
			);
			dependencies = (
			);
			name = Memeful;
			productName = Memeful;
			productReference = 9B21F49923A541F9001F4A15 /* Memeful.app */;
			productType = "com.apple.product-type.application";
		};
		9B21F4AF23A541FB001F4A15 /* MemefulTests */ = {
			isa = PBXNativeTarget;
			buildConfigurationList = 9B21F4C723A541FB001F4A15 /* Build configuration list for PBXNativeTarget "MemefulTests" */;
			buildPhases = (
				9B21F4AC23A541FB001F4A15 /* Sources */,
				9B21F4AD23A541FB001F4A15 /* Frameworks */,
				9B21F4AE23A541FB001F4A15 /* Resources */,
			);
			buildRules = (
			);
			dependencies = (
				9B21F4B223A541FB001F4A15 /* PBXTargetDependency */,
			);
			name = MemefulTests;
			productName = MemefulTests;
			productReference = 9B21F4B023A541FB001F4A15 /* MemefulTests.xctest */;
			productType = "com.apple.product-type.bundle.unit-test";
		};
		9B21F4BA23A541FB001F4A15 /* MemefulUITests */ = {
			isa = PBXNativeTarget;
			buildConfigurationList = 9B21F4CA23A541FB001F4A15 /* Build configuration list for PBXNativeTarget "MemefulUITests" */;
			buildPhases = (
				9B21F4B723A541FB001F4A15 /* Sources */,
				9B21F4B823A541FB001F4A15 /* Frameworks */,
				9B21F4B923A541FB001F4A15 /* Resources */,
			);
			buildRules = (
			);
			dependencies = (
				9B21F4BD23A541FB001F4A15 /* PBXTargetDependency */,
			);
			name = MemefulUITests;
			productName = MemefulUITests;
			productReference = 9B21F4BB23A541FB001F4A15 /* MemefulUITests.xctest */;
			productType = "com.apple.product-type.bundle.ui-testing";
		};
/* End PBXNativeTarget section */

/* Begin PBXProject section */
		9B21F49123A541F8001F4A15 /* Project object */ = {
			isa = PBXProject;
			attributes = {
				LastSwiftUpdateCheck = 1010;
				LastUpgradeCheck = 1010;
				ORGANIZATIONNAME = Raveendra;
				TargetAttributes = {
					9B21F49823A541F9001F4A15 = {
						CreatedOnToolsVersion = 10.1;
						LastSwiftMigration = 1120;
					};
					9B21F4AF23A541FB001F4A15 = {
						CreatedOnToolsVersion = 10.1;
						TestTargetID = 9B21F49823A541F9001F4A15;
					};
					9B21F4BA23A541FB001F4A15 = {
						CreatedOnToolsVersion = 10.1;
						TestTargetID = 9B21F49823A541F9001F4A15;
					};
				};
			};
			buildConfigurationList = 9B21F49423A541F8001F4A15 /* Build configuration list for PBXProject "Memeful" */;
			compatibilityVersion = "Xcode 9.3";
			developmentRegion = en;
			hasScannedForEncodings = 0;
			knownRegions = (
				en,
				Base,
			);
			mainGroup = 9B21F49023A541F8001F4A15;
			productRefGroup = 9B21F49A23A541F9001F4A15 /* Products */;
			projectDirPath = "";
			projectRoot = "";
			targets = (
				9B21F49823A541F9001F4A15 /* Memeful */,
				9B21F4AF23A541FB001F4A15 /* MemefulTests */,
				9B21F4BA23A541FB001F4A15 /* MemefulUITests */,
			);
		};
/* End PBXProject section */

/* Begin PBXResourcesBuildPhase section */
		9B21F49723A541F9001F4A15 /* Resources */ = {
			isa = PBXResourcesBuildPhase;
			buildActionMask = 2147483647;
			files = (
				9B21F4AA23A541FB001F4A15 /* LaunchScreen.storyboard in Resources */,
				9B21F4A723A541FB001F4A15 /* Assets.xcassets in Resources */,
				9B21F4A223A541F9001F4A15 /* Main.storyboard in Resources */,
			);
			runOnlyForDeploymentPostprocessing = 0;
		};
		9B21F4AE23A541FB001F4A15 /* Resources */ = {
			isa = PBXResourcesBuildPhase;
			buildActionMask = 2147483647;
			files = (
			);
			runOnlyForDeploymentPostprocessing = 0;
		};
		9B21F4B923A541FB001F4A15 /* Resources */ = {
			isa = PBXResourcesBuildPhase;
			buildActionMask = 2147483647;
			files = (
			);
			runOnlyForDeploymentPostprocessing = 0;
		};
/* End PBXResourcesBuildPhase section */

/* Begin PBXShellScriptBuildPhase section */
		E73E46E55FEDD4671987EC4F /* [CP] Check Pods Manifest.lock */ = {
			isa = PBXShellScriptBuildPhase;
			buildActionMask = 2147483647;
			files = (
			);
			inputFileListPaths = (
			);
			inputPaths = (
				"${PODS_PODFILE_DIR_PATH}/Podfile.lock",
				"${PODS_ROOT}/Manifest.lock",
			);
			name = "[CP] Check Pods Manifest.lock";
			outputFileListPaths = (
			);
			outputPaths = (
				"$(DERIVED_FILE_DIR)/Pods-Memeful-checkManifestLockResult.txt",
			);
			runOnlyForDeploymentPostprocessing = 0;
			shellPath = /bin/sh;
			shellScript = "diff \"${PODS_PODFILE_DIR_PATH}/Podfile.lock\" \"${PODS_ROOT}/Manifest.lock\" > /dev/null\nif [ $? != 0 ] ; then\n    # print error to STDERR\n    echo \"error: The sandbox is not in sync with the Podfile.lock. Run 'pod install' or update your CocoaPods installation.\" >&2\n    exit 1\nfi\n# This output is used by Xcode 'outputs' to avoid re-running this script phase.\necho \"SUCCESS\" > \"${SCRIPT_OUTPUT_FILE_0}\"\n";
			showEnvVarsInLog = 0;
		};
/* End PBXShellScriptBuildPhase section */

/* Begin PBXSourcesBuildPhase section */
		9B21F49523A541F9001F4A15 /* Sources */ = {
			isa = PBXSourcesBuildPhase;
			buildActionMask = 2147483647;
			files = (
				9B21F49F23A541F9001F4A15 /* LoginViewController.swift in Sources */,
				9B21F49D23A541F9001F4A15 /* AppDelegate.swift in Sources */,
				9B37E76E23A69D4B008C588D /* MostViral.swift in Sources */,
				9B37E76823A69330008C588D /* NetworkRouter.swift in Sources */,
				9BAC8FE823A6CF9700C64A27 /* CustomerCollectionViewLayout.swift in Sources */,
				9B8546A423A6B50B0093093C /* MemeCollectionViewCell.swift in Sources */,
				9B37E76723A69330008C588D /* NetworkService.swift in Sources */,
				9B37E76A23A69604008C588D /* NetworkContentTypes.swift in Sources */,
				9B8546A223A6B1AB0093093C /* MemeListViewController.swift in Sources */,
				9B37E76023A66A9B008C588D /* TokenProvider.swift in Sources */,
				9B21F4A523A541F9001F4A15 /* Memeful.xcdatamodeld in Sources */,
			);
			runOnlyForDeploymentPostprocessing = 0;
		};
		9B21F4AC23A541FB001F4A15 /* Sources */ = {
			isa = PBXSourcesBuildPhase;
			buildActionMask = 2147483647;
			files = (
				9B21F4B523A541FB001F4A15 /* MemefulTests.swift in Sources */,
			);
			runOnlyForDeploymentPostprocessing = 0;
		};
		9B21F4B723A541FB001F4A15 /* Sources */ = {
			isa = PBXSourcesBuildPhase;
			buildActionMask = 2147483647;
			files = (
				9B21F4C023A541FB001F4A15 /* MemefulUITests.swift in Sources */,
			);
			runOnlyForDeploymentPostprocessing = 0;
		};
/* End PBXSourcesBuildPhase section */

/* Begin PBXTargetDependency section */
		9B21F4B223A541FB001F4A15 /* PBXTargetDependency */ = {
			isa = PBXTargetDependency;
			target = 9B21F49823A541F9001F4A15 /* Memeful */;
			targetProxy = 9B21F4B123A541FB001F4A15 /* PBXContainerItemProxy */;
		};
		9B21F4BD23A541FB001F4A15 /* PBXTargetDependency */ = {
			isa = PBXTargetDependency;
			target = 9B21F49823A541F9001F4A15 /* Memeful */;
			targetProxy = 9B21F4BC23A541FB001F4A15 /* PBXContainerItemProxy */;
		};
/* End PBXTargetDependency section */

/* Begin PBXVariantGroup section */
		9B21F4A023A541F9001F4A15 /* Main.storyboard */ = {
			isa = PBXVariantGroup;
			children = (
				9B21F4A123A541F9001F4A15 /* Base */,
			);
			name = Main.storyboard;
			sourceTree = "<group>";
		};
		9B21F4A823A541FB001F4A15 /* LaunchScreen.storyboard */ = {
			isa = PBXVariantGroup;
			children = (
				9B21F4A923A541FB001F4A15 /* Base */,
			);
			name = LaunchScreen.storyboard;
			sourceTree = "<group>";
		};
/* End PBXVariantGroup section */

/* Begin XCBuildConfiguration section */
		9B21F4C223A541FB001F4A15 /* Debug */ = {
			isa = XCBuildConfiguration;
			buildSettings = {
				ALWAYS_SEARCH_USER_PATHS = NO;
				CLANG_ANALYZER_NONNULL = YES;
				CLANG_ANALYZER_NUMBER_OBJECT_CONVERSION = YES_AGGRESSIVE;
				CLANG_CXX_LANGUAGE_STANDARD = "gnu++14";
				CLANG_CXX_LIBRARY = "libc++";
				CLANG_ENABLE_MODULES = YES;
				CLANG_ENABLE_OBJC_ARC = YES;
				CLANG_ENABLE_OBJC_WEAK = YES;
				CLANG_WARN_BLOCK_CAPTURE_AUTORELEASING = YES;
				CLANG_WARN_BOOL_CONVERSION = YES;
				CLANG_WARN_COMMA = YES;
				CLANG_WARN_CONSTANT_CONVERSION = YES;
				CLANG_WARN_DEPRECATED_OBJC_IMPLEMENTATIONS = YES;
				CLANG_WARN_DIRECT_OBJC_ISA_USAGE = YES_ERROR;
				CLANG_WARN_DOCUMENTATION_COMMENTS = YES;
				CLANG_WARN_EMPTY_BODY = YES;
				CLANG_WARN_ENUM_CONVERSION = YES;
				CLANG_WARN_INFINITE_RECURSION = YES;
				CLANG_WARN_INT_CONVERSION = YES;
				CLANG_WARN_NON_LITERAL_NULL_CONVERSION = YES;
				CLANG_WARN_OBJC_IMPLICIT_RETAIN_SELF = YES;
				CLANG_WARN_OBJC_LITERAL_CONVERSION = YES;
				CLANG_WARN_OBJC_ROOT_CLASS = YES_ERROR;
				CLANG_WARN_RANGE_LOOP_ANALYSIS = YES;
				CLANG_WARN_STRICT_PROTOTYPES = YES;
				CLANG_WARN_SUSPICIOUS_MOVE = YES;
				CLANG_WARN_UNGUARDED_AVAILABILITY = YES_AGGRESSIVE;
				CLANG_WARN_UNREACHABLE_CODE = YES;
				CLANG_WARN__DUPLICATE_METHOD_MATCH = YES;
				CODE_SIGN_IDENTITY = "iPhone Developer";
				COPY_PHASE_STRIP = NO;
				DEBUG_INFORMATION_FORMAT = dwarf;
				ENABLE_STRICT_OBJC_MSGSEND = YES;
				ENABLE_TESTABILITY = YES;
				GCC_C_LANGUAGE_STANDARD = gnu11;
				GCC_DYNAMIC_NO_PIC = NO;
				GCC_NO_COMMON_BLOCKS = YES;
				GCC_OPTIMIZATION_LEVEL = 0;
				GCC_PREPROCESSOR_DEFINITIONS = (
					"DEBUG=1",
					"$(inherited)",
				);
				GCC_WARN_64_TO_32_BIT_CONVERSION = YES;
				GCC_WARN_ABOUT_RETURN_TYPE = YES_ERROR;
				GCC_WARN_UNDECLARED_SELECTOR = YES;
				GCC_WARN_UNINITIALIZED_AUTOS = YES_AGGRESSIVE;
				GCC_WARN_UNUSED_FUNCTION = YES;
				GCC_WARN_UNUSED_VARIABLE = YES;
				IPHONEOS_DEPLOYMENT_TARGET = 12.1;
				MTL_ENABLE_DEBUG_INFO = INCLUDE_SOURCE;
				MTL_FAST_MATH = YES;
				ONLY_ACTIVE_ARCH = YES;
				SDKROOT = iphoneos;
				SWIFT_ACTIVE_COMPILATION_CONDITIONS = DEBUG;
				SWIFT_OPTIMIZATION_LEVEL = "-Onone";
			};
			name = Debug;
		};
		9B21F4C323A541FB001F4A15 /* Release */ = {
			isa = XCBuildConfiguration;
			buildSettings = {
				ALWAYS_SEARCH_USER_PATHS = NO;
				CLANG_ANALYZER_NONNULL = YES;
				CLANG_ANALYZER_NUMBER_OBJECT_CONVERSION = YES_AGGRESSIVE;
				CLANG_CXX_LANGUAGE_STANDARD = "gnu++14";
				CLANG_CXX_LIBRARY = "libc++";
				CLANG_ENABLE_MODULES = YES;
				CLANG_ENABLE_OBJC_ARC = YES;
				CLANG_ENABLE_OBJC_WEAK = YES;
				CLANG_WARN_BLOCK_CAPTURE_AUTORELEASING = YES;
				CLANG_WARN_BOOL_CONVERSION = YES;
				CLANG_WARN_COMMA = YES;
				CLANG_WARN_CONSTANT_CONVERSION = YES;
				CLANG_WARN_DEPRECATED_OBJC_IMPLEMENTATIONS = YES;
				CLANG_WARN_DIRECT_OBJC_ISA_USAGE = YES_ERROR;
				CLANG_WARN_DOCUMENTATION_COMMENTS = YES;
				CLANG_WARN_EMPTY_BODY = YES;
				CLANG_WARN_ENUM_CONVERSION = YES;
				CLANG_WARN_INFINITE_RECURSION = YES;
				CLANG_WARN_INT_CONVERSION = YES;
				CLANG_WARN_NON_LITERAL_NULL_CONVERSION = YES;
				CLANG_WARN_OBJC_IMPLICIT_RETAIN_SELF = YES;
				CLANG_WARN_OBJC_LITERAL_CONVERSION = YES;
				CLANG_WARN_OBJC_ROOT_CLASS = YES_ERROR;
				CLANG_WARN_RANGE_LOOP_ANALYSIS = YES;
				CLANG_WARN_STRICT_PROTOTYPES = YES;
				CLANG_WARN_SUSPICIOUS_MOVE = YES;
				CLANG_WARN_UNGUARDED_AVAILABILITY = YES_AGGRESSIVE;
				CLANG_WARN_UNREACHABLE_CODE = YES;
				CLANG_WARN__DUPLICATE_METHOD_MATCH = YES;
				CODE_SIGN_IDENTITY = "iPhone Developer";
				COPY_PHASE_STRIP = NO;
				DEBUG_INFORMATION_FORMAT = "dwarf-with-dsym";
				ENABLE_NS_ASSERTIONS = NO;
				ENABLE_STRICT_OBJC_MSGSEND = YES;
				GCC_C_LANGUAGE_STANDARD = gnu11;
				GCC_NO_COMMON_BLOCKS = YES;
				GCC_WARN_64_TO_32_BIT_CONVERSION = YES;
				GCC_WARN_ABOUT_RETURN_TYPE = YES_ERROR;
				GCC_WARN_UNDECLARED_SELECTOR = YES;
				GCC_WARN_UNINITIALIZED_AUTOS = YES_AGGRESSIVE;
				GCC_WARN_UNUSED_FUNCTION = YES;
				GCC_WARN_UNUSED_VARIABLE = YES;
				IPHONEOS_DEPLOYMENT_TARGET = 12.1;
				MTL_ENABLE_DEBUG_INFO = NO;
				MTL_FAST_MATH = YES;
				SDKROOT = iphoneos;
				SWIFT_COMPILATION_MODE = wholemodule;
				SWIFT_OPTIMIZATION_LEVEL = "-O";
				VALIDATE_PRODUCT = YES;
			};
			name = Release;
		};
		9B21F4C523A541FB001F4A15 /* Debug */ = {
			isa = XCBuildConfiguration;
			baseConfigurationReference = 293AF059FEB2DA7CF5D48278 /* Pods-Memeful.debug.xcconfig */;
			buildSettings = {
				ASSETCATALOG_COMPILER_APPICON_NAME = AppIcon;
				CLANG_ENABLE_MODULES = YES;
				CODE_SIGN_STYLE = Automatic;
				DEVELOPMENT_TEAM = S8SWUAB5TW;
				HEADER_SEARCH_PATHS = (
					"$(inherited)",
					"\"${PODS_ROOT}/Headers/Public\"",
					"\"${PODS_ROOT}/Headers/Public/AppAuth\"",
				);
				INFOPLIST_FILE = Memeful/Info.plist;
				LD_RUNPATH_SEARCH_PATHS = (
					"$(inherited)",
					"@executable_path/Frameworks",
				);
				PRODUCT_BUNDLE_IDENTIFIER = raveendra.app.Memeful;
				PRODUCT_NAME = "$(TARGET_NAME)";
				SWIFT_OBJC_BRIDGING_HEADER = "";
				SWIFT_OPTIMIZATION_LEVEL = "-Onone";
				SWIFT_VERSION = 4.2;
				TARGETED_DEVICE_FAMILY = "1,2";
			};
			name = Debug;
		};
		9B21F4C623A541FB001F4A15 /* Release */ = {
			isa = XCBuildConfiguration;
			baseConfigurationReference = 6E78C96B5C33A12AC21E6460 /* Pods-Memeful.release.xcconfig */;
			buildSettings = {
				ASSETCATALOG_COMPILER_APPICON_NAME = AppIcon;
				CLANG_ENABLE_MODULES = YES;
				CODE_SIGN_STYLE = Automatic;
				DEVELOPMENT_TEAM = S8SWUAB5TW;
				HEADER_SEARCH_PATHS = (
					"$(inherited)",
					"\"${PODS_ROOT}/Headers/Public\"",
					"\"${PODS_ROOT}/Headers/Public/AppAuth\"",
				);
				INFOPLIST_FILE = Memeful/Info.plist;
				LD_RUNPATH_SEARCH_PATHS = (
					"$(inherited)",
					"@executable_path/Frameworks",
				);
				PRODUCT_BUNDLE_IDENTIFIER = raveendra.app.Memeful;
				PRODUCT_NAME = "$(TARGET_NAME)";
				SWIFT_OBJC_BRIDGING_HEADER = "";
				SWIFT_VERSION = 4.2;
				TARGETED_DEVICE_FAMILY = "1,2";
			};
			name = Release;
		};
		9B21F4C823A541FB001F4A15 /* Debug */ = {
			isa = XCBuildConfiguration;
			buildSettings = {
				ALWAYS_EMBED_SWIFT_STANDARD_LIBRARIES = YES;
				BUNDLE_LOADER = "$(TEST_HOST)";
				CODE_SIGN_STYLE = Automatic;
				INFOPLIST_FILE = MemefulTests/Info.plist;
				LD_RUNPATH_SEARCH_PATHS = (
					"$(inherited)",
					"@executable_path/Frameworks",
					"@loader_path/Frameworks",
				);
				PRODUCT_BUNDLE_IDENTIFIER = raveendra.app.MemefulTests;
				PRODUCT_NAME = "$(TARGET_NAME)";
				SWIFT_VERSION = 4.2;
				TARGETED_DEVICE_FAMILY = "1,2";
				TEST_HOST = "$(BUILT_PRODUCTS_DIR)/Memeful.app/Memeful";
			};
			name = Debug;
		};
		9B21F4C923A541FB001F4A15 /* Release */ = {
			isa = XCBuildConfiguration;
			buildSettings = {
				ALWAYS_EMBED_SWIFT_STANDARD_LIBRARIES = YES;
				BUNDLE_LOADER = "$(TEST_HOST)";
				CODE_SIGN_STYLE = Automatic;
				INFOPLIST_FILE = MemefulTests/Info.plist;
				LD_RUNPATH_SEARCH_PATHS = (
					"$(inherited)",
					"@executable_path/Frameworks",
					"@loader_path/Frameworks",
				);
				PRODUCT_BUNDLE_IDENTIFIER = raveendra.app.MemefulTests;
				PRODUCT_NAME = "$(TARGET_NAME)";
				SWIFT_VERSION = 4.2;
				TARGETED_DEVICE_FAMILY = "1,2";
				TEST_HOST = "$(BUILT_PRODUCTS_DIR)/Memeful.app/Memeful";
			};
			name = Release;
		};
		9B21F4CB23A541FB001F4A15 /* Debug */ = {
			isa = XCBuildConfiguration;
			buildSettings = {
				ALWAYS_EMBED_SWIFT_STANDARD_LIBRARIES = YES;
				CODE_SIGN_STYLE = Automatic;
				INFOPLIST_FILE = MemefulUITests/Info.plist;
				LD_RUNPATH_SEARCH_PATHS = (
					"$(inherited)",
					"@executable_path/Frameworks",
					"@loader_path/Frameworks",
				);
				PRODUCT_BUNDLE_IDENTIFIER = raveendra.app.MemefulUITests;
				PRODUCT_NAME = "$(TARGET_NAME)";
				SWIFT_VERSION = 4.2;
				TARGETED_DEVICE_FAMILY = "1,2";
				TEST_TARGET_NAME = Memeful;
			};
			name = Debug;
		};
		9B21F4CC23A541FB001F4A15 /* Release */ = {
			isa = XCBuildConfiguration;
			buildSettings = {
				ALWAYS_EMBED_SWIFT_STANDARD_LIBRARIES = YES;
				CODE_SIGN_STYLE = Automatic;
				INFOPLIST_FILE = MemefulUITests/Info.plist;
				LD_RUNPATH_SEARCH_PATHS = (
					"$(inherited)",
					"@executable_path/Frameworks",
					"@loader_path/Frameworks",
				);
				PRODUCT_BUNDLE_IDENTIFIER = raveendra.app.MemefulUITests;
				PRODUCT_NAME = "$(TARGET_NAME)";
				SWIFT_VERSION = 4.2;
				TARGETED_DEVICE_FAMILY = "1,2";
				TEST_TARGET_NAME = Memeful;
			};
			name = Release;
		};
/* End XCBuildConfiguration section */

/* Begin XCConfigurationList section */
		9B21F49423A541F8001F4A15 /* Build configuration list for PBXProject "Memeful" */ = {
			isa = XCConfigurationList;
			buildConfigurations = (
				9B21F4C223A541FB001F4A15 /* Debug */,
				9B21F4C323A541FB001F4A15 /* Release */,
			);
			defaultConfigurationIsVisible = 0;
			defaultConfigurationName = Release;
		};
		9B21F4C423A541FB001F4A15 /* Build configuration list for PBXNativeTarget "Memeful" */ = {
			isa = XCConfigurationList;
			buildConfigurations = (
				9B21F4C523A541FB001F4A15 /* Debug */,
				9B21F4C623A541FB001F4A15 /* Release */,
			);
			defaultConfigurationIsVisible = 0;
			defaultConfigurationName = Release;
		};
		9B21F4C723A541FB001F4A15 /* Build configuration list for PBXNativeTarget "MemefulTests" */ = {
			isa = XCConfigurationList;
			buildConfigurations = (
				9B21F4C823A541FB001F4A15 /* Debug */,
				9B21F4C923A541FB001F4A15 /* Release */,
			);
			defaultConfigurationIsVisible = 0;
			defaultConfigurationName = Release;
		};
		9B21F4CA23A541FB001F4A15 /* Build configuration list for PBXNativeTarget "MemefulUITests" */ = {
			isa = XCConfigurationList;
			buildConfigurations = (
				9B21F4CB23A541FB001F4A15 /* Debug */,
				9B21F4CC23A541FB001F4A15 /* Release */,
			);
			defaultConfigurationIsVisible = 0;
			defaultConfigurationName = Release;
		};
/* End XCConfigurationList section */

/* Begin XCVersionGroup section */
		9B21F4A323A541F9001F4A15 /* Memeful.xcdatamodeld */ = {
			isa = XCVersionGroup;
			children = (
				9B21F4A423A541F9001F4A15 /* Memeful.xcdatamodel */,
			);
			currentVersion = 9B21F4A423A541F9001F4A15 /* Memeful.xcdatamodel */;
			path = Memeful.xcdatamodeld;
			sourceTree = "<group>";
			versionGroupType = wrapper.xcdatamodel;
		};
/* End XCVersionGroup section */
	};
	rootObject = 9B21F49123A541F8001F4A15 /* Project object */;
}
